// !$*UTF8*$!
{
	archiveVersion = 1;
	classes = {
	};
	objectVersion = 56;
	objects = {

/* Begin PBXBuildFile section */
		B07ED25E29BF9C21008A106B /* HeartcastApp.swift in Sources */ = {isa = PBXBuildFile; fileRef = B07ED25D29BF9C21008A106B /* HeartcastApp.swift */; };
		B07ED26029BF9C21008A106B /* ContentView.swift in Sources */ = {isa = PBXBuildFile; fileRef = B07ED25F29BF9C21008A106B /* ContentView.swift */; };
		B07ED26229BF9C22008A106B /* Assets.xcassets in Resources */ = {isa = PBXBuildFile; fileRef = B07ED26129BF9C22008A106B /* Assets.xcassets */; };
		B07ED26529BF9C22008A106B /* Preview Assets.xcassets in Resources */ = {isa = PBXBuildFile; fileRef = B07ED26429BF9C22008A106B /* Preview Assets.xcassets */; };
		BC8AD28183DDC4D518F9CBB9 /* Pods_Heartcast.framework in Frameworks */ = {isa = PBXBuildFile; fileRef = 6C4738431E737FB4502A1095 /* Pods_Heartcast.framework */; };
/* End PBXBuildFile section */

/* Begin PBXFileReference section */
		0AC847B3E25068E21E64E639 /* Pods-Heartcast.release.xcconfig */ = {isa = PBXFileReference; includeInIndex = 1; lastKnownFileType = text.xcconfig; name = "Pods-Heartcast.release.xcconfig"; path = "Target Support Files/Pods-Heartcast/Pods-Heartcast.release.xcconfig"; sourceTree = "<group>"; };
		6C4738431E737FB4502A1095 /* Pods_Heartcast.framework */ = {isa = PBXFileReference; explicitFileType = wrapper.framework; includeInIndex = 0; path = Pods_Heartcast.framework; sourceTree = BUILT_PRODUCTS_DIR; };
		9C79BEBC2FD91B0DF012A22F /* Pods-Heartcast.debug.xcconfig */ = {isa = PBXFileReference; includeInIndex = 1; lastKnownFileType = text.xcconfig; name = "Pods-Heartcast.debug.xcconfig"; path = "Target Support Files/Pods-Heartcast/Pods-Heartcast.debug.xcconfig"; sourceTree = "<group>"; };
		B07ED25A29BF9C21008A106B /* Heartcast.app */ = {isa = PBXFileReference; explicitFileType = wrapper.application; includeInIndex = 0; path = Heartcast.app; sourceTree = BUILT_PRODUCTS_DIR; };
		B07ED25D29BF9C21008A106B /* HeartcastApp.swift */ = {isa = PBXFileReference; lastKnownFileType = sourcecode.swift; path = HeartcastApp.swift; sourceTree = "<group>"; };
		B07ED25F29BF9C21008A106B /* ContentView.swift */ = {isa = PBXFileReference; lastKnownFileType = sourcecode.swift; path = ContentView.swift; sourceTree = "<group>"; };
		B07ED26129BF9C22008A106B /* Assets.xcassets */ = {isa = PBXFileReference; lastKnownFileType = folder.assetcatalog; path = Assets.xcassets; sourceTree = "<group>"; };
		B07ED26429BF9C22008A106B /* Preview Assets.xcassets */ = {isa = PBXFileReference; lastKnownFileType = folder.assetcatalog; path = "Preview Assets.xcassets"; sourceTree = "<group>"; };
/* End PBXFileReference section */

/* Begin PBXFrameworksBuildPhase section */
		B07ED25729BF9C21008A106B /* Frameworks */ = {
			isa = PBXFrameworksBuildPhase;
			buildActionMask = 2147483647;
			files = (
				BC8AD28183DDC4D518F9CBB9 /* Pods_Heartcast.framework in Frameworks */,
			);
			runOnlyForDeploymentPostprocessing = 0;
		};
/* End PBXFrameworksBuildPhase section */

/* Begin PBXGroup section */
		60658279AC0A7A6AC483D624 /* Frameworks */ = {
			isa = PBXGroup;
			children = (
				6C4738431E737FB4502A1095 /* Pods_Heartcast.framework */,
			);
			name = Frameworks;
			sourceTree = "<group>";
		};
		B07ED25129BF9C21008A106B = {
			isa = PBXGroup;
			children = (
				B07ED25C29BF9C21008A106B /* Heartcast */,
				B07ED25B29BF9C21008A106B /* Products */,
				E77E32CF3E2A8A19D4BE0EC7 /* Pods */,
				60658279AC0A7A6AC483D624 /* Frameworks */,
			);
			sourceTree = "<group>";
		};
		B07ED25B29BF9C21008A106B /* Products */ = {
			isa = PBXGroup;
			children = (
				B07ED25A29BF9C21008A106B /* Heartcast.app */,
			);
			name = Products;
			sourceTree = "<group>";
		};
		B07ED25C29BF9C21008A106B /* Heartcast */ = {
			isa = PBXGroup;
			children = (
				B07ED25D29BF9C21008A106B /* HeartcastApp.swift */,
				B07ED25F29BF9C21008A106B /* ContentView.swift */,
				B07ED26129BF9C22008A106B /* Assets.xcassets */,
				B07ED26329BF9C22008A106B /* Preview Content */,
			);
			path = Heartcast;
			sourceTree = "<group>";
		};
		B07ED26329BF9C22008A106B /* Preview Content */ = {
			isa = PBXGroup;
			children = (
				B07ED26429BF9C22008A106B /* Preview Assets.xcassets */,
			);
			path = "Preview Content";
			sourceTree = "<group>";
		};
		E77E32CF3E2A8A19D4BE0EC7 /* Pods */ = {
			isa = PBXGroup;
			children = (
				9C79BEBC2FD91B0DF012A22F /* Pods-Heartcast.debug.xcconfig */,
				0AC847B3E25068E21E64E639 /* Pods-Heartcast.release.xcconfig */,
			);
			name = Pods;
			path = Pods;
			sourceTree = "<group>";
		};
/* End PBXGroup section */

/* Begin PBXNativeTarget section */
		B07ED25929BF9C21008A106B /* Heartcast */ = {
			isa = PBXNativeTarget;
			buildConfigurationList = B07ED26829BF9C22008A106B /* Build configuration list for PBXNativeTarget "Heartcast" */;
			buildPhases = (
				AA3495ADA9984FDA120BB08C /* [CP] Check Pods Manifest.lock */,
				B07ED25629BF9C21008A106B /* Sources */,
				B07ED25729BF9C21008A106B /* Frameworks */,
				B07ED25829BF9C21008A106B /* Resources */,
			);
			buildRules = (
			);
			dependencies = (
			);
			name = Heartcast;
			productName = Heartcast;
			productReference = B07ED25A29BF9C21008A106B /* Heartcast.app */;
			productType = "com.apple.product-type.application";
		};
/* End PBXNativeTarget section */

/* Begin PBXProject section */
		B07ED25229BF9C21008A106B /* Project object */ = {
			isa = PBXProject;
			attributes = {
				BuildIndependentTargetsInParallel = 1;
				LastSwiftUpdateCheck = 1420;
				LastUpgradeCheck = 1420;
				TargetAttributes = {
					B07ED25929BF9C21008A106B = {
						CreatedOnToolsVersion = 14.2;
					};
				};
			};
			buildConfigurationList = B07ED25529BF9C21008A106B /* Build configuration list for PBXProject "Heartcast" */;
			compatibilityVersion = "Xcode 14.0";
			developmentRegion = en;
			hasScannedForEncodings = 0;
			knownRegions = (
				en,
				Base,
			);
			mainGroup = B07ED25129BF9C21008A106B;
			productRefGroup = B07ED25B29BF9C21008A106B /* Products */;
			projectDirPath = "";
			projectRoot = "";
			targets = (
				B07ED25929BF9C21008A106B /* Heartcast */,
			);
		};
/* End PBXProject section */

/* Begin PBXResourcesBuildPhase section */
		B07ED25829BF9C21008A106B /* Resources */ = {
			isa = PBXResourcesBuildPhase;
			buildActionMask = 2147483647;
			files = (
				B07ED26529BF9C22008A106B /* Preview Assets.xcassets in Resources */,
				B07ED26229BF9C22008A106B /* Assets.xcassets in Resources */,
			);
			runOnlyForDeploymentPostprocessing = 0;
		};
/* End PBXResourcesBuildPhase section */

/* Begin PBXShellScriptBuildPhase section */
		AA3495ADA9984FDA120BB08C /* [CP] Check Pods Manifest.lock */ = {
			isa = PBXShellScriptBuildPhase;
			buildActionMask = 2147483647;
			files = (
			);
			inputFileListPaths = (
			);
			inputPaths = (
				"${PODS_PODFILE_DIR_PATH}/Podfile.lock",
				"${PODS_ROOT}/Manifest.lock",
			);
			name = "[CP] Check Pods Manifest.lock";
			outputFileListPaths = (
			);
			outputPaths = (
				"$(DERIVED_FILE_DIR)/Pods-Heartcast-checkManifestLockResult.txt",
			);
			runOnlyForDeploymentPostprocessing = 0;
			shellPath = /bin/sh;
			shellScript = "diff \"${PODS_PODFILE_DIR_PATH}/Podfile.lock\" \"${PODS_ROOT}/Manifest.lock\" > /dev/null\nif [ $? != 0 ] ; then\n    # print error to STDERR\n    echo \"error: The sandbox is not in sync with the Podfile.lock. Run 'pod install' or update your CocoaPods installation.\" >&2\n    exit 1\nfi\n# This output is used by Xcode 'outputs' to avoid re-running this script phase.\necho \"SUCCESS\" > \"${SCRIPT_OUTPUT_FILE_0}\"\n";
			showEnvVarsInLog = 0;
		};
/* End PBXShellScriptBuildPhase section */

/* Begin PBXSourcesBuildPhase section */
		B07ED25629BF9C21008A106B /* Sources */ = {
			isa = PBXSourcesBuildPhase;
			buildActionMask = 2147483647;
			files = (
				B07ED26029BF9C21008A106B /* ContentView.swift in Sources */,
				B07ED25E29BF9C21008A106B /* HeartcastApp.swift in Sources */,
			);
			runOnlyForDeploymentPostprocessing = 0;
		};
/* End PBXSourcesBuildPhase section */

/* Begin XCBuildConfiguration section */
		B07ED26629BF9C22008A106B /* Debug */ = {
			isa = XCBuildConfiguration;
			buildSettings = {
				ALWAYS_SEARCH_USER_PATHS = NO;
				CLANG_ANALYZER_NONNULL = YES;
				CLANG_ANALYZER_NUMBER_OBJECT_CONVERSION = YES_AGGRESSIVE;
				CLANG_CXX_LANGUAGE_STANDARD = "gnu++20";
				CLANG_ENABLE_MODULES = YES;
				CLANG_ENABLE_OBJC_ARC = YES;
				CLANG_ENABLE_OBJC_WEAK = YES;
				CLANG_WARN_BLOCK_CAPTURE_AUTORELEASING = YES;
				CLANG_WARN_BOOL_CONVERSION = YES;
				CLANG_WARN_COMMA = YES;
				CLANG_WARN_CONSTANT_CONVERSION = YES;
				CLANG_WARN_DEPRECATED_OBJC_IMPLEMENTATIONS = YES;
				CLANG_WARN_DIRECT_OBJC_ISA_USAGE = YES_ERROR;
				CLANG_WARN_DOCUMENTATION_COMMENTS = YES;
				CLANG_WARN_EMPTY_BODY = YES;
				CLANG_WARN_ENUM_CONVERSION = YES;
				CLANG_WARN_INFINITE_RECURSION = YES;
				CLANG_WARN_INT_CONVERSION = YES;
				CLANG_WARN_NON_LITERAL_NULL_CONVERSION = YES;
				CLANG_WARN_OBJC_IMPLICIT_RETAIN_SELF = YES;
				CLANG_WARN_OBJC_LITERAL_CONVERSION = YES;
				CLANG_WARN_OBJC_ROOT_CLASS = YES_ERROR;
				CLANG_WARN_QUOTED_INCLUDE_IN_FRAMEWORK_HEADER = YES;
				CLANG_WARN_RANGE_LOOP_ANALYSIS = YES;
				CLANG_WARN_STRICT_PROTOTYPES = YES;
				CLANG_WARN_SUSPICIOUS_MOVE = YES;
				CLANG_WARN_UNGUARDED_AVAILABILITY = YES_AGGRESSIVE;
				CLANG_WARN_UNREACHABLE_CODE = YES;
				CLANG_WARN__DUPLICATE_METHOD_MATCH = YES;
				COPY_PHASE_STRIP = NO;
				DEBUG_INFORMATION_FORMAT = dwarf;
				ENABLE_STRICT_OBJC_MSGSEND = YES;
				ENABLE_TESTABILITY = YES;
				GCC_C_LANGUAGE_STANDARD = gnu11;
				GCC_DYNAMIC_NO_PIC = NO;
				GCC_NO_COMMON_BLOCKS = YES;
				GCC_OPTIMIZATION_LEVEL = 0;
				GCC_PREPROCESSOR_DEFINITIONS = (
					"DEBUG=1",
					"$(inherited)",
				);
				GCC_WARN_64_TO_32_BIT_CONVERSION = YES;
				GCC_WARN_ABOUT_RETURN_TYPE = YES_ERROR;
				GCC_WARN_UNDECLARED_SELECTOR = YES;
				GCC_WARN_UNINITIALIZED_AUTOS = YES_AGGRESSIVE;
				GCC_WARN_UNUSED_FUNCTION = YES;
				GCC_WARN_UNUSED_VARIABLE = YES;
				IPHONEOS_DEPLOYMENT_TARGET = 16.2;
				MTL_ENABLE_DEBUG_INFO = INCLUDE_SOURCE;
				MTL_FAST_MATH = YES;
				ONLY_ACTIVE_ARCH = YES;
				SDKROOT = iphoneos;
				SWIFT_ACTIVE_COMPILATION_CONDITIONS = DEBUG;
				SWIFT_OPTIMIZATION_LEVEL = "-Onone";
			};
			name = Debug;
		};
		B07ED26729BF9C22008A106B /* Release */ = {
			isa = XCBuildConfiguration;
			buildSettings = {
				ALWAYS_SEARCH_USER_PATHS = NO;
				CLANG_ANALYZER_NONNULL = YES;
				CLANG_ANALYZER_NUMBER_OBJECT_CONVERSION = YES_AGGRESSIVE;
				CLANG_CXX_LANGUAGE_STANDARD = "gnu++20";
				CLANG_ENABLE_MODULES = YES;
				CLANG_ENABLE_OBJC_ARC = YES;
				CLANG_ENABLE_OBJC_WEAK = YES;
				CLANG_WARN_BLOCK_CAPTURE_AUTORELEASING = YES;
				CLANG_WARN_BOOL_CONVERSION = YES;
				CLANG_WARN_COMMA = YES;
				CLANG_WARN_CONSTANT_CONVERSION = YES;
				CLANG_WARN_DEPRECATED_OBJC_IMPLEMENTATIONS = YES;
				CLANG_WARN_DIRECT_OBJC_ISA_USAGE = YES_ERROR;
				CLANG_WARN_DOCUMENTATION_COMMENTS = YES;
				CLANG_WARN_EMPTY_BODY = YES;
				CLANG_WARN_ENUM_CONVERSION = YES;
				CLANG_WARN_INFINITE_RECURSION = YES;
				CLANG_WARN_INT_CONVERSION = YES;
				CLANG_WARN_NON_LITERAL_NULL_CONVERSION = YES;
				CLANG_WARN_OBJC_IMPLICIT_RETAIN_SELF = YES;
				CLANG_WARN_OBJC_LITERAL_CONVERSION = YES;
				CLANG_WARN_OBJC_ROOT_CLASS = YES_ERROR;
				CLANG_WARN_QUOTED_INCLUDE_IN_FRAMEWORK_HEADER = YES;
				CLANG_WARN_RANGE_LOOP_ANALYSIS = YES;
				CLANG_WARN_STRICT_PROTOTYPES = YES;
				CLANG_WARN_SUSPICIOUS_MOVE = YES;
				CLANG_WARN_UNGUARDED_AVAILABILITY = YES_AGGRESSIVE;
				CLANG_WARN_UNREACHABLE_CODE = YES;
				CLANG_WARN__DUPLICATE_METHOD_MATCH = YES;
				COPY_PHASE_STRIP = NO;
				DEBUG_INFORMATION_FORMAT = "dwarf-with-dsym";
				ENABLE_NS_ASSERTIONS = NO;
				ENABLE_STRICT_OBJC_MSGSEND = YES;
				GCC_C_LANGUAGE_STANDARD = gnu11;
				GCC_NO_COMMON_BLOCKS = YES;
				GCC_WARN_64_TO_32_BIT_CONVERSION = YES;
				GCC_WARN_ABOUT_RETURN_TYPE = YES_ERROR;
				GCC_WARN_UNDECLARED_SELECTOR = YES;
				GCC_WARN_UNINITIALIZED_AUTOS = YES_AGGRESSIVE;
				GCC_WARN_UNUSED_FUNCTION = YES;
				GCC_WARN_UNUSED_VARIABLE = YES;
				IPHONEOS_DEPLOYMENT_TARGET = 16.2;
				MTL_ENABLE_DEBUG_INFO = NO;
				MTL_FAST_MATH = YES;
				SDKROOT = iphoneos;
				SWIFT_COMPILATION_MODE = wholemodule;
				SWIFT_OPTIMIZATION_LEVEL = "-O";
				VALIDATE_PRODUCT = YES;
			};
			name = Release;
		};
		B07ED26929BF9C22008A106B /* Debug */ = {
			isa = XCBuildConfiguration;
			baseConfigurationReference = 9C79BEBC2FD91B0DF012A22F /* Pods-Heartcast.debug.xcconfig */;
			buildSettings = {
				ASSETCATALOG_COMPILER_APPICON_NAME = AppIcon;
				ASSETCATALOG_COMPILER_GLOBAL_ACCENT_COLOR_NAME = AccentColor;
				CODE_SIGN_STYLE = Automatic;
				CURRENT_PROJECT_VERSION = 1;
				DEVELOPMENT_ASSET_PATHS = "\"Heartcast/Preview Content\"";
				ENABLE_PREVIEWS = YES;
				GENERATE_INFOPLIST_FILE = YES;
				INFOPLIST_KEY_UIApplicationSceneManifest_Generation = YES;
				INFOPLIST_KEY_UIApplicationSupportsIndirectInputEvents = YES;
				INFOPLIST_KEY_UILaunchScreen_Generation = YES;
				INFOPLIST_KEY_UISupportedInterfaceOrientations_iPad = "UIInterfaceOrientationPortrait UIInterfaceOrientationPortraitUpsideDown UIInterfaceOrientationLandscapeLeft UIInterfaceOrientationLandscapeRight";
				INFOPLIST_KEY_UISupportedInterfaceOrientations_iPhone = "UIInterfaceOrientationPortrait UIInterfaceOrientationLandscapeLeft UIInterfaceOrientationLandscapeRight";
				LD_RUNPATH_SEARCH_PATHS = (
					"$(inherited)",
					"@executable_path/Frameworks",
				);
				MARKETING_VERSION = 1.0;
				PRODUCT_BUNDLE_IDENTIFIER = io.sellmair.Heartcast;
				PRODUCT_NAME = "$(TARGET_NAME)";
				SWIFT_EMIT_LOC_STRINGS = YES;
				SWIFT_VERSION = 5.0;
				TARGETED_DEVICE_FAMILY = "1,2";
			};
			name = Debug;
		};
		B07ED26A29BF9C22008A106B /* Release */ = {
			isa = XCBuildConfiguration;
			baseConfigurationReference = 0AC847B3E25068E21E64E639 /* Pods-Heartcast.release.xcconfig */;
			buildSettings = {
				ASSETCATALOG_COMPILER_APPICON_NAME = AppIcon;
				ASSETCATALOG_COMPILER_GLOBAL_ACCENT_COLOR_NAME = AccentColor;
				CODE_SIGN_STYLE = Automatic;
				CURRENT_PROJECT_VERSION = 1;
				DEVELOPMENT_ASSET_PATHS = "\"Heartcast/Preview Content\"";
				ENABLE_PREVIEWS = YES;
				GENERATE_INFOPLIST_FILE = YES;
				INFOPLIST_KEY_UIApplicationSceneManifest_Generation = YES;
				INFOPLIST_KEY_UIApplicationSupportsIndirectInputEvents = YES;
				INFOPLIST_KEY_UILaunchScreen_Generation = YES;
				INFOPLIST_KEY_UISupportedInterfaceOrientations_iPad = "UIInterfaceOrientationPortrait UIInterfaceOrientationPortraitUpsideDown UIInterfaceOrientationLandscapeLeft UIInterfaceOrientationLandscapeRight";
				INFOPLIST_KEY_UISupportedInterfaceOrientations_iPhone = "UIInterfaceOrientationPortrait UIInterfaceOrientationLandscapeLeft UIInterfaceOrientationLandscapeRight";
				LD_RUNPATH_SEARCH_PATHS = (
					"$(inherited)",
					"@executable_path/Frameworks",
				);
				MARKETING_VERSION = 1.0;
				PRODUCT_BUNDLE_IDENTIFIER = io.sellmair.Heartcast;
				PRODUCT_NAME = "$(TARGET_NAME)";
				SWIFT_EMIT_LOC_STRINGS = YES;
				SWIFT_VERSION = 5.0;
				TARGETED_DEVICE_FAMILY = "1,2";
			};
			name = Release;
		};
/* End XCBuildConfiguration section */

/* Begin XCConfigurationList section */
		B07ED25529BF9C21008A106B /* Build configuration list for PBXProject "Heartcast" */ = {
			isa = XCConfigurationList;
			buildConfigurations = (
				B07ED26629BF9C22008A106B /* Debug */,
				B07ED26729BF9C22008A106B /* Release */,
			);
			defaultConfigurationIsVisible = 0;
			defaultConfigurationName = Release;
		};
		B07ED26829BF9C22008A106B /* Build configuration list for PBXNativeTarget "Heartcast" */ = {
			isa = XCConfigurationList;
			buildConfigurations = (
				B07ED26929BF9C22008A106B /* Debug */,
				B07ED26A29BF9C22008A106B /* Release */,
			);
			defaultConfigurationIsVisible = 0;
			defaultConfigurationName = Release;
		};
/* End XCConfigurationList section */
	};
	rootObject = B07ED25229BF9C21008A106B /* Project object */;
}
